// !$*UTF8*$!
{
	archiveVersion = 1;
	classes = {
	};
	objectVersion = 46;
	objects = {

/* Begin PBXBuildFile section */
		710E5BEC1D753A56001FEEE3 /* AppDelegate.swift in Sources */ = {isa = PBXBuildFile; fileRef = 710E5BEB1D753A56001FEEE3 /* AppDelegate.swift */; };
		710E5BF11D753A56001FEEE3 /* Main.storyboard in Resources */ = {isa = PBXBuildFile; fileRef = 710E5BEF1D753A56001FEEE3 /* Main.storyboard */; };
		710E5BF31D753A56001FEEE3 /* Assets.xcassets in Resources */ = {isa = PBXBuildFile; fileRef = 710E5BF21D753A56001FEEE3 /* Assets.xcassets */; };
		710E5BF61D753A56001FEEE3 /* LaunchScreen.storyboard in Resources */ = {isa = PBXBuildFile; fileRef = 710E5BF41D753A56001FEEE3 /* LaunchScreen.storyboard */; };
		710E5C011D753A56001FEEE3 /* Monsty_Tests.swift in Sources */ = {isa = PBXBuildFile; fileRef = 710E5C001D753A56001FEEE3 /* Monsty_Tests.swift */; };
		710E5C0C1D753A56001FEEE3 /* Monsty_UITests.swift in Sources */ = {isa = PBXBuildFile; fileRef = 710E5C0B1D753A56001FEEE3 /* Monsty_UITests.swift */; };
		710E5C1E1D753ABE001FEEE3 /* MapController.swift in Sources */ = {isa = PBXBuildFile; fileRef = 710E5C191D753ABE001FEEE3 /* MapController.swift */; };
		710E5C1F1D753ABE001FEEE3 /* MWMapController.swift in Sources */ = {isa = PBXBuildFile; fileRef = 710E5C1A1D753ABE001FEEE3 /* MWMapController.swift */; };
		710E5C201D753ABE001FEEE3 /* MWReservationController.swift in Sources */ = {isa = PBXBuildFile; fileRef = 710E5C1B1D753ABE001FEEE3 /* MWReservationController.swift */; };
		710E5C211D753ABE001FEEE3 /* MWReservationSegue.swift in Sources */ = {isa = PBXBuildFile; fileRef = 710E5C1C1D753ABE001FEEE3 /* MWReservationSegue.swift */; };
		710E5C221D753ABE001FEEE3 /* MWRootViewController.swift in Sources */ = {isa = PBXBuildFile; fileRef = 710E5C1D1D753ABE001FEEE3 /* MWRootViewController.swift */; };
		710E5C241D753AC9001FEEE3 /* monsty.jpg in Resources */ = {isa = PBXBuildFile; fileRef = 710E5C231D753AC9001FEEE3 /* monsty.jpg */; };
/* End PBXBuildFile section */

/* Begin PBXContainerItemProxy section */
		710E5BFD1D753A56001FEEE3 /* PBXContainerItemProxy */ = {
			isa = PBXContainerItemProxy;
			containerPortal = 710E5BE01D753A56001FEEE3 /* Project object */;
			proxyType = 1;
			remoteGlobalIDString = 710E5BE71D753A56001FEEE3;
			remoteInfo = "Monsty!";
		};
		710E5C081D753A56001FEEE3 /* PBXContainerItemProxy */ = {
			isa = PBXContainerItemProxy;
			containerPortal = 710E5BE01D753A56001FEEE3 /* Project object */;
			proxyType = 1;
			remoteGlobalIDString = 710E5BE71D753A56001FEEE3;
			remoteInfo = "Monsty!";
		};
/* End PBXContainerItemProxy section */

/* Begin PBXFileReference section */
		710E5BE81D753A56001FEEE3 /* Monsty!.app */ = {isa = PBXFileReference; explicitFileType = wrapper.application; includeInIndex = 0; path = "Monsty!.app"; sourceTree = BUILT_PRODUCTS_DIR; };
		710E5BEB1D753A56001FEEE3 /* AppDelegate.swift */ = {isa = PBXFileReference; lastKnownFileType = sourcecode.swift; path = AppDelegate.swift; sourceTree = "<group>"; };
		710E5BF01D753A56001FEEE3 /* Base */ = {isa = PBXFileReference; lastKnownFileType = file.storyboard; name = Base; path = Base.lproj/Main.storyboard; sourceTree = "<group>"; };
		710E5BF21D753A56001FEEE3 /* Assets.xcassets */ = {isa = PBXFileReference; lastKnownFileType = folder.assetcatalog; path = Assets.xcassets; sourceTree = "<group>"; };
		710E5BF51D753A56001FEEE3 /* Base */ = {isa = PBXFileReference; lastKnownFileType = file.storyboard; name = Base; path = Base.lproj/LaunchScreen.storyboard; sourceTree = "<group>"; };
		710E5BF71D753A56001FEEE3 /* Info.plist */ = {isa = PBXFileReference; lastKnownFileType = text.plist.xml; path = Info.plist; sourceTree = "<group>"; };
		710E5BFC1D753A56001FEEE3 /* Monsty!Tests.xctest */ = {isa = PBXFileReference; explicitFileType = wrapper.cfbundle; includeInIndex = 0; path = "Monsty!Tests.xctest"; sourceTree = BUILT_PRODUCTS_DIR; };
		710E5C001D753A56001FEEE3 /* Monsty_Tests.swift */ = {isa = PBXFileReference; lastKnownFileType = sourcecode.swift; path = Monsty_Tests.swift; sourceTree = "<group>"; };
		710E5C021D753A56001FEEE3 /* Info.plist */ = {isa = PBXFileReference; lastKnownFileType = text.plist.xml; path = Info.plist; sourceTree = "<group>"; };
		710E5C071D753A56001FEEE3 /* Monsty!UITests.xctest */ = {isa = PBXFileReference; explicitFileType = wrapper.cfbundle; includeInIndex = 0; path = "Monsty!UITests.xctest"; sourceTree = BUILT_PRODUCTS_DIR; };
		710E5C0B1D753A56001FEEE3 /* Monsty_UITests.swift */ = {isa = PBXFileReference; lastKnownFileType = sourcecode.swift; path = Monsty_UITests.swift; sourceTree = "<group>"; };
		710E5C0D1D753A56001FEEE3 /* Info.plist */ = {isa = PBXFileReference; lastKnownFileType = text.plist.xml; path = Info.plist; sourceTree = "<group>"; };
		710E5C191D753ABE001FEEE3 /* MapController.swift */ = {isa = PBXFileReference; fileEncoding = 4; lastKnownFileType = sourcecode.swift; path = MapController.swift; sourceTree = "<group>"; };
		710E5C1A1D753ABE001FEEE3 /* MWMapController.swift */ = {isa = PBXFileReference; fileEncoding = 4; lastKnownFileType = sourcecode.swift; path = MWMapController.swift; sourceTree = "<group>"; };
		710E5C1B1D753ABE001FEEE3 /* MWReservationController.swift */ = {isa = PBXFileReference; fileEncoding = 4; lastKnownFileType = sourcecode.swift; path = MWReservationController.swift; sourceTree = "<group>"; };
		710E5C1C1D753ABE001FEEE3 /* MWReservationSegue.swift */ = {isa = PBXFileReference; fileEncoding = 4; lastKnownFileType = sourcecode.swift; path = MWReservationSegue.swift; sourceTree = "<group>"; };
		710E5C1D1D753ABE001FEEE3 /* MWRootViewController.swift */ = {isa = PBXFileReference; fileEncoding = 4; lastKnownFileType = sourcecode.swift; path = MWRootViewController.swift; sourceTree = "<group>"; };
		710E5C231D753AC9001FEEE3 /* monsty.jpg */ = {isa = PBXFileReference; lastKnownFileType = image.jpeg; name = monsty.jpg; path = Artwork/monsty.jpg; sourceTree = "<group>"; };
/* End PBXFileReference section */

/* Begin PBXFrameworksBuildPhase section */
		710E5BE51D753A56001FEEE3 /* Frameworks */ = {
			isa = PBXFrameworksBuildPhase;
			buildActionMask = 2147483647;
			files = (
			);
			runOnlyForDeploymentPostprocessing = 0;
		};
		710E5BF91D753A56001FEEE3 /* Frameworks */ = {
			isa = PBXFrameworksBuildPhase;
			buildActionMask = 2147483647;
			files = (
			);
			runOnlyForDeploymentPostprocessing = 0;
		};
		710E5C041D753A56001FEEE3 /* Frameworks */ = {
			isa = PBXFrameworksBuildPhase;
			buildActionMask = 2147483647;
			files = (
			);
			runOnlyForDeploymentPostprocessing = 0;
		};
/* End PBXFrameworksBuildPhase section */

/* Begin PBXGroup section */
		710E5BDF1D753A56001FEEE3 = {
			isa = PBXGroup;
			children = (
				710E5BEA1D753A56001FEEE3 /* Monsty! */,
				710E5BFF1D753A56001FEEE3 /* Monsty!Tests */,
				710E5C0A1D753A56001FEEE3 /* Monsty!UITests */,
				710E5BE91D753A56001FEEE3 /* Products */,
			);
			sourceTree = "<group>";
		};
		710E5BE91D753A56001FEEE3 /* Products */ = {
			isa = PBXGroup;
			children = (
				710E5BE81D753A56001FEEE3 /* Monsty!.app */,
				710E5BFC1D753A56001FEEE3 /* Monsty!Tests.xctest */,
				710E5C071D753A56001FEEE3 /* Monsty!UITests.xctest */,
			);
			name = Products;
			sourceTree = "<group>";
		};
		710E5BEA1D753A56001FEEE3 /* Monsty! */ = {
			isa = PBXGroup;
			children = (
				710E5BEB1D753A56001FEEE3 /* AppDelegate.swift */,
				710E5BF21D753A56001FEEE3 /* Assets.xcassets */,
				710E5BF71D753A56001FEEE3 /* Info.plist */,
				710E5BF41D753A56001FEEE3 /* LaunchScreen.storyboard */,
				710E5BEF1D753A56001FEEE3 /* Main.storyboard */,
				710E5C191D753ABE001FEEE3 /* MapController.swift */,
				710E5C231D753AC9001FEEE3 /* monsty.jpg */,
				710E5C1A1D753ABE001FEEE3 /* MWMapController.swift */,
				710E5C1B1D753ABE001FEEE3 /* MWReservationController.swift */,
				710E5C1C1D753ABE001FEEE3 /* MWReservationSegue.swift */,
				710E5C1D1D753ABE001FEEE3 /* MWRootViewController.swift */,
			);
			path = "Monsty!";
			sourceTree = "<group>";
		};
		710E5BFF1D753A56001FEEE3 /* Monsty!Tests */ = {
			isa = PBXGroup;
			children = (
				710E5C001D753A56001FEEE3 /* Monsty_Tests.swift */,
				710E5C021D753A56001FEEE3 /* Info.plist */,
			);
			path = "Monsty!Tests";
			sourceTree = "<group>";
		};
		710E5C0A1D753A56001FEEE3 /* Monsty!UITests */ = {
			isa = PBXGroup;
			children = (
				710E5C0B1D753A56001FEEE3 /* Monsty_UITests.swift */,
				710E5C0D1D753A56001FEEE3 /* Info.plist */,
			);
			path = "Monsty!UITests";
			sourceTree = "<group>";
		};
/* End PBXGroup section */

/* Begin PBXNativeTarget section */
		710E5BE71D753A56001FEEE3 /* Monsty! */ = {
			isa = PBXNativeTarget;
			buildConfigurationList = 710E5C101D753A56001FEEE3 /* Build configuration list for PBXNativeTarget "Monsty!" */;
			buildPhases = (
				710E5BE41D753A56001FEEE3 /* Sources */,
				710E5BE51D753A56001FEEE3 /* Frameworks */,
				710E5BE61D753A56001FEEE3 /* Resources */,
			);
			buildRules = (
			);
			dependencies = (
			);
			name = "Monsty!";
			productName = "Monsty!";
			productReference = 710E5BE81D753A56001FEEE3 /* Monsty!.app */;
			productType = "com.apple.product-type.application";
		};
		710E5BFB1D753A56001FEEE3 /* Monsty!Tests */ = {
			isa = PBXNativeTarget;
			buildConfigurationList = 710E5C131D753A56001FEEE3 /* Build configuration list for PBXNativeTarget "Monsty!Tests" */;
			buildPhases = (
				710E5BF81D753A56001FEEE3 /* Sources */,
				710E5BF91D753A56001FEEE3 /* Frameworks */,
				710E5BFA1D753A56001FEEE3 /* Resources */,
			);
			buildRules = (
			);
			dependencies = (
				710E5BFE1D753A56001FEEE3 /* PBXTargetDependency */,
			);
			name = "Monsty!Tests";
			productName = "Monsty!Tests";
			productReference = 710E5BFC1D753A56001FEEE3 /* Monsty!Tests.xctest */;
			productType = "com.apple.product-type.bundle.unit-test";
		};
		710E5C061D753A56001FEEE3 /* Monsty!UITests */ = {
			isa = PBXNativeTarget;
			buildConfigurationList = 710E5C161D753A56001FEEE3 /* Build configuration list for PBXNativeTarget "Monsty!UITests" */;
			buildPhases = (
				710E5C031D753A56001FEEE3 /* Sources */,
				710E5C041D753A56001FEEE3 /* Frameworks */,
				710E5C051D753A56001FEEE3 /* Resources */,
			);
			buildRules = (
			);
			dependencies = (
				710E5C091D753A56001FEEE3 /* PBXTargetDependency */,
			);
			name = "Monsty!UITests";
			productName = "Monsty!UITests";
			productReference = 710E5C071D753A56001FEEE3 /* Monsty!UITests.xctest */;
			productType = "com.apple.product-type.bundle.ui-testing";
		};
/* End PBXNativeTarget section */

/* Begin PBXProject section */
		710E5BE01D753A56001FEEE3 /* Project object */ = {
			isa = PBXProject;
			attributes = {
				LastSwiftUpdateCheck = 0730;
				LastUpgradeCheck = 0730;
				ORGANIZATIONNAME = monstyware;
				TargetAttributes = {
					710E5BE71D753A56001FEEE3 = {
						CreatedOnToolsVersion = 7.3.1;
					};
					710E5BFB1D753A56001FEEE3 = {
						CreatedOnToolsVersion = 7.3.1;
						TestTargetID = 710E5BE71D753A56001FEEE3;
					};
					710E5C061D753A56001FEEE3 = {
						CreatedOnToolsVersion = 7.3.1;
						TestTargetID = 710E5BE71D753A56001FEEE3;
					};
				};
			};
			buildConfigurationList = 710E5BE31D753A56001FEEE3 /* Build configuration list for PBXProject "Monsty!" */;
			compatibilityVersion = "Xcode 3.2";
			developmentRegion = English;
			hasScannedForEncodings = 0;
			knownRegions = (
				en,
				Base,
			);
			mainGroup = 710E5BDF1D753A56001FEEE3;
			productRefGroup = 710E5BE91D753A56001FEEE3 /* Products */;
			projectDirPath = "";
			projectRoot = "";
			targets = (
				710E5BE71D753A56001FEEE3 /* Monsty! */,
				710E5BFB1D753A56001FEEE3 /* Monsty!Tests */,
				710E5C061D753A56001FEEE3 /* Monsty!UITests */,
			);
		};
/* End PBXProject section */

/* Begin PBXResourcesBuildPhase section */
		710E5BE61D753A56001FEEE3 /* Resources */ = {
			isa = PBXResourcesBuildPhase;
			buildActionMask = 2147483647;
			files = (
				710E5BF61D753A56001FEEE3 /* LaunchScreen.storyboard in Resources */,
				710E5BF31D753A56001FEEE3 /* Assets.xcassets in Resources */,
				710E5BF11D753A56001FEEE3 /* Main.storyboard in Resources */,
				710E5C241D753AC9001FEEE3 /* monsty.jpg in Resources */,
			);
			runOnlyForDeploymentPostprocessing = 0;
		};
		710E5BFA1D753A56001FEEE3 /* Resources */ = {
			isa = PBXResourcesBuildPhase;
			buildActionMask = 2147483647;
			files = (
			);
			runOnlyForDeploymentPostprocessing = 0;
		};
		710E5C051D753A56001FEEE3 /* Resources */ = {
			isa = PBXResourcesBuildPhase;
			buildActionMask = 2147483647;
			files = (
			);
			runOnlyForDeploymentPostprocessing = 0;
		};
/* End PBXResourcesBuildPhase section */

/* Begin PBXSourcesBuildPhase section */
		710E5BE41D753A56001FEEE3 /* Sources */ = {
			isa = PBXSourcesBuildPhase;
			buildActionMask = 2147483647;
			files = (
				710E5C211D753ABE001FEEE3 /* MWReservationSegue.swift in Sources */,
				710E5C1E1D753ABE001FEEE3 /* MapController.swift in Sources */,
				710E5C221D753ABE001FEEE3 /* MWRootViewController.swift in Sources */,
				710E5C1F1D753ABE001FEEE3 /* MWMapController.swift in Sources */,
				710E5C201D753ABE001FEEE3 /* MWReservationController.swift in Sources */,
				710E5BEC1D753A56001FEEE3 /* AppDelegate.swift in Sources */,
			);
			runOnlyForDeploymentPostprocessing = 0;
		};
		710E5BF81D753A56001FEEE3 /* Sources */ = {
			isa = PBXSourcesBuildPhase;
			buildActionMask = 2147483647;
			files = (
				710E5C011D753A56001FEEE3 /* Monsty_Tests.swift in Sources */,
			);
			runOnlyForDeploymentPostprocessing = 0;
		};
		710E5C031D753A56001FEEE3 /* Sources */ = {
			isa = PBXSourcesBuildPhase;
			buildActionMask = 2147483647;
			files = (
				710E5C0C1D753A56001FEEE3 /* Monsty_UITests.swift in Sources */,
			);
			runOnlyForDeploymentPostprocessing = 0;
		};
/* End PBXSourcesBuildPhase section */

/* Begin PBXTargetDependency section */
		710E5BFE1D753A56001FEEE3 /* PBXTargetDependency */ = {
			isa = PBXTargetDependency;
			target = 710E5BE71D753A56001FEEE3 /* Monsty! */;
			targetProxy = 710E5BFD1D753A56001FEEE3 /* PBXContainerItemProxy */;
		};
		710E5C091D753A56001FEEE3 /* PBXTargetDependency */ = {
			isa = PBXTargetDependency;
			target = 710E5BE71D753A56001FEEE3 /* Monsty! */;
			targetProxy = 710E5C081D753A56001FEEE3 /* PBXContainerItemProxy */;
		};
/* End PBXTargetDependency section */

/* Begin PBXVariantGroup section */
		710E5BEF1D753A56001FEEE3 /* Main.storyboard */ = {
			isa = PBXVariantGroup;
			children = (
				710E5BF01D753A56001FEEE3 /* Base */,
			);
			name = Main.storyboard;
			sourceTree = "<group>";
		};
		710E5BF41D753A56001FEEE3 /* LaunchScreen.storyboard */ = {
			isa = PBXVariantGroup;
			children = (
				710E5BF51D753A56001FEEE3 /* Base */,
			);
			name = LaunchScreen.storyboard;
			sourceTree = "<group>";
		};
/* End PBXVariantGroup section */

/* Begin XCBuildConfiguration section */
		710E5C0E1D753A56001FEEE3 /* Debug */ = {
			isa = XCBuildConfiguration;
			buildSettings = {
				ALWAYS_SEARCH_USER_PATHS = NO;
				CLANG_ANALYZER_NONNULL = YES;
				CLANG_CXX_LANGUAGE_STANDARD = "gnu++0x";
				CLANG_CXX_LIBRARY = "libc++";
				CLANG_ENABLE_MODULES = YES;
				CLANG_ENABLE_OBJC_ARC = YES;
				CLANG_WARN_BOOL_CONVERSION = YES;
				CLANG_WARN_CONSTANT_CONVERSION = YES;
				CLANG_WARN_DIRECT_OBJC_ISA_USAGE = YES_ERROR;
				CLANG_WARN_EMPTY_BODY = YES;
				CLANG_WARN_ENUM_CONVERSION = YES;
				CLANG_WARN_INT_CONVERSION = YES;
				CLANG_WARN_OBJC_ROOT_CLASS = YES_ERROR;
				CLANG_WARN_UNREACHABLE_CODE = YES;
				CLANG_WARN__DUPLICATE_METHOD_MATCH = YES;
				"CODE_SIGN_IDENTITY[sdk=iphoneos*]" = "iPhone Developer";
				COPY_PHASE_STRIP = NO;
				DEBUG_INFORMATION_FORMAT = dwarf;
				ENABLE_STRICT_OBJC_MSGSEND = YES;
				ENABLE_TESTABILITY = YES;
				GCC_C_LANGUAGE_STANDARD = gnu99;
				GCC_DYNAMIC_NO_PIC = NO;
				GCC_NO_COMMON_BLOCKS = YES;
				GCC_OPTIMIZATION_LEVEL = 0;
				GCC_PREPROCESSOR_DEFINITIONS = (
					"DEBUG=1",
					"$(inherited)",
				);
				GCC_WARN_64_TO_32_BIT_CONVERSION = YES;
				GCC_WARN_ABOUT_RETURN_TYPE = YES_ERROR;
				GCC_WARN_UNDECLARED_SELECTOR = YES;
				GCC_WARN_UNINITIALIZED_AUTOS = YES_AGGRESSIVE;
				GCC_WARN_UNUSED_FUNCTION = YES;
				GCC_WARN_UNUSED_VARIABLE = YES;
				IPHONEOS_DEPLOYMENT_TARGET = 9.3;
				MTL_ENABLE_DEBUG_INFO = YES;
				ONLY_ACTIVE_ARCH = YES;
				SDKROOT = iphoneos;
				SWIFT_OPTIMIZATION_LEVEL = "-Onone";
				TARGETED_DEVICE_FAMILY = "1,2";
			};
			name = Debug;
		};
		710E5C0F1D753A56001FEEE3 /* Release */ = {
			isa = XCBuildConfiguration;
			buildSettings = {
				ALWAYS_SEARCH_USER_PATHS = NO;
				CLANG_ANALYZER_NONNULL = YES;
				CLANG_CXX_LANGUAGE_STANDARD = "gnu++0x";
				CLANG_CXX_LIBRARY = "libc++";
				CLANG_ENABLE_MODULES = YES;
				CLANG_ENABLE_OBJC_ARC = YES;
				CLANG_WARN_BOOL_CONVERSION = YES;
				CLANG_WARN_CONSTANT_CONVERSION = YES;
				CLANG_WARN_DIRECT_OBJC_ISA_USAGE = YES_ERROR;
				CLANG_WARN_EMPTY_BODY = YES;
				CLANG_WARN_ENUM_CONVERSION = YES;
				CLANG_WARN_INT_CONVERSION = YES;
				CLANG_WARN_OBJC_ROOT_CLASS = YES_ERROR;
				CLANG_WARN_UNREACHABLE_CODE = YES;
				CLANG_WARN__DUPLICATE_METHOD_MATCH = YES;
				"CODE_SIGN_IDENTITY[sdk=iphoneos*]" = "iPhone Developer";
				COPY_PHASE_STRIP = NO;
				DEBUG_INFORMATION_FORMAT = "dwarf-with-dsym";
				ENABLE_NS_ASSERTIONS = NO;
				ENABLE_STRICT_OBJC_MSGSEND = YES;
				GCC_C_LANGUAGE_STANDARD = gnu99;
				GCC_NO_COMMON_BLOCKS = YES;
				GCC_WARN_64_TO_32_BIT_CONVERSION = YES;
				GCC_WARN_ABOUT_RETURN_TYPE = YES_ERROR;
				GCC_WARN_UNDECLARED_SELECTOR = YES;
				GCC_WARN_UNINITIALIZED_AUTOS = YES_AGGRESSIVE;
				GCC_WARN_UNUSED_FUNCTION = YES;
				GCC_WARN_UNUSED_VARIABLE = YES;
				IPHONEOS_DEPLOYMENT_TARGET = 9.3;
				MTL_ENABLE_DEBUG_INFO = NO;
				SDKROOT = iphoneos;
				TARGETED_DEVICE_FAMILY = "1,2";
				VALIDATE_PRODUCT = YES;
			};
			name = Release;
		};
		710E5C111D753A56001FEEE3 /* Debug */ = {
			isa = XCBuildConfiguration;
			buildSettings = {
				ASSETCATALOG_COMPILER_APPICON_NAME = AppIcon;
				INFOPLIST_FILE = "Monsty!/Info.plist";
				LD_RUNPATH_SEARCH_PATHS = "$(inherited) @executable_path/Frameworks";
				PRODUCT_BUNDLE_IDENTIFIER = "mw.Monsty-";
				PRODUCT_NAME = "$(TARGET_NAME)";
			};
			name = Debug;
		};
		710E5C121D753A56001FEEE3 /* Release */ = {
			isa = XCBuildConfiguration;
			buildSettings = {
				ASSETCATALOG_COMPILER_APPICON_NAME = AppIcon;
				INFOPLIST_FILE = "Monsty!/Info.plist";
				LD_RUNPATH_SEARCH_PATHS = "$(inherited) @executable_path/Frameworks";
				PRODUCT_BUNDLE_IDENTIFIER = "mw.Monsty-";
				PRODUCT_NAME = "$(TARGET_NAME)";
			};
			name = Release;
		};
		710E5C141D753A56001FEEE3 /* Debug */ = {
			isa = XCBuildConfiguration;
			buildSettings = {
				BUNDLE_LOADER = "$(TEST_HOST)";
				INFOPLIST_FILE = "Monsty!Tests/Info.plist";
				LD_RUNPATH_SEARCH_PATHS = "$(inherited) @executable_path/Frameworks @loader_path/Frameworks";
				PRODUCT_BUNDLE_IDENTIFIER = "mw.Monsty-Tests";
				PRODUCT_NAME = "$(TARGET_NAME)";
				TEST_HOST = "$(BUILT_PRODUCTS_DIR)/Monsty!.app/Monsty!";
			};
			name = Debug;
		};
		710E5C151D753A56001FEEE3 /* Release */ = {
			isa = XCBuildConfiguration;
			buildSettings = {
				BUNDLE_LOADER = "$(TEST_HOST)";
				INFOPLIST_FILE = "Monsty!Tests/Info.plist";
				LD_RUNPATH_SEARCH_PATHS = "$(inherited) @executable_path/Frameworks @loader_path/Frameworks";
				PRODUCT_BUNDLE_IDENTIFIER = "mw.Monsty-Tests";
				PRODUCT_NAME = "$(TARGET_NAME)";
				TEST_HOST = "$(BUILT_PRODUCTS_DIR)/Monsty!.app/Monsty!";
			};
			name = Release;
		};
		710E5C171D753A56001FEEE3 /* Debug */ = {
			isa = XCBuildConfiguration;
			buildSettings = {
				INFOPLIST_FILE = "Monsty!UITests/Info.plist";
				LD_RUNPATH_SEARCH_PATHS = "$(inherited) @executable_path/Frameworks @loader_path/Frameworks";
				PRODUCT_BUNDLE_IDENTIFIER = "mw.Monsty-UITests";
				PRODUCT_NAME = "$(TARGET_NAME)";
				TEST_TARGET_NAME = "Monsty!";
			};
			name = Debug;
		};
		710E5C181D753A56001FEEE3 /* Release */ = {
			isa = XCBuildConfiguration;
			buildSettings = {
				INFOPLIST_FILE = "Monsty!UITests/Info.plist";
				LD_RUNPATH_SEARCH_PATHS = "$(inherited) @executable_path/Frameworks @loader_path/Frameworks";
				PRODUCT_BUNDLE_IDENTIFIER = "mw.Monsty-UITests";
				PRODUCT_NAME = "$(TARGET_NAME)";
				TEST_TARGET_NAME = "Monsty!";
			};
			name = Release;
		};
/* End XCBuildConfiguration section */

/* Begin XCConfigurationList section */
		710E5BE31D753A56001FEEE3 /* Build configuration list for PBXProject "Monsty!" */ = {
			isa = XCConfigurationList;
			buildConfigurations = (
				710E5C0E1D753A56001FEEE3 /* Debug */,
				710E5C0F1D753A56001FEEE3 /* Release */,
			);
			defaultConfigurationIsVisible = 0;
			defaultConfigurationName = Release;
		};
		710E5C101D753A56001FEEE3 /* Build configuration list for PBXNativeTarget "Monsty!" */ = {
			isa = XCConfigurationList;
			buildConfigurations = (
				710E5C111D753A56001FEEE3 /* Debug */,
				710E5C121D753A56001FEEE3 /* Release */,
			);
			defaultConfigurationIsVisible = 0;
			defaultConfigurationName = Release;
		};
		710E5C131D753A56001FEEE3 /* Build configuration list for PBXNativeTarget "Monsty!Tests" */ = {
			isa = XCConfigurationList;
			buildConfigurations = (
				710E5C141D753A56001FEEE3 /* Debug */,
				710E5C151D753A56001FEEE3 /* Release */,
			);
			defaultConfigurationIsVisible = 0;
			defaultConfigurationName = Release;
		};
		710E5C161D753A56001FEEE3 /* Build configuration list for PBXNativeTarget "Monsty!UITests" */ = {
			isa = XCConfigurationList;
			buildConfigurations = (
				710E5C171D753A56001FEEE3 /* Debug */,
				710E5C181D753A56001FEEE3 /* Release */,
			);
			defaultConfigurationIsVisible = 0;
			defaultConfigurationName = Release;
		};
/* End XCConfigurationList section */
	};
	rootObject = 710E5BE01D753A56001FEEE3 /* Project object */;
}
